
Microsoft Visual Studio Solution File, Format Version 12.00
# Visual Studio Version 16
VisualStudioVersion = 16.0.28803.452
MinimumVisualStudioVersion = 10.0.40219.1
Project("{FAE04EC0-301F-11D3-BF4B-00C04F79EFBC}") = "SuperMarioBros", "SuperMarioBros\SuperMarioBros.csproj", "{50EBA22A-24A6-4C54-BC00-5DA4D2F55004}"
EndProject
Project("{FAE04EC0-301F-11D3-BF4B-00C04F79EFBC}") = "levelLoading", "..\..\..\Desktop\SuperMarioBros\levelLoading\levelLoading.csproj", "{607DEE91-2680-4BDE-9B78-0941183A8292}"
EndProject
Global
	GlobalSection(SolutionConfigurationPlatforms) = preSolution
		Debug|Any CPU = Debug|Any CPU
		Release|Any CPU = Release|Any CPU
	EndGlobalSection
	GlobalSection(ProjectConfigurationPlatforms) = postSolution
		{50EBA22A-24A6-4C54-BC00-5DA4D2F55004}.Debug|Any CPU.ActiveCfg = Debug|Any CPU
		{50EBA22A-24A6-4C54-BC00-5DA4D2F55004}.Debug|Any CPU.Build.0 = Debug|Any CPU
		{50EBA22A-24A6-4C54-BC00-5DA4D2F55004}.Release|Any CPU.ActiveCfg = Release|Any CPU
		{50EBA22A-24A6-4C54-BC00-5DA4D2F55004}.Release|Any CPU.Build.0 = Release|Any CPU
		{607DEE91-2680-4BDE-9B78-0941183A8292}.Debug|Any CPU.ActiveCfg = Debug|Any CPU
		{607DEE91-2680-4BDE-9B78-0941183A8292}.Debug|Any CPU.Build.0 = Debug|Any CPU
		{607DEE91-2680-4BDE-9B78-0941183A8292}.Release|Any CPU.ActiveCfg = Release|Any CPU
		{607DEE91-2680-4BDE-9B78-0941183A8292}.Release|Any CPU.Build.0 = Release|Any CPU
	EndGlobalSection
	GlobalSection(SolutionProperties) = preSolution
		HideSolutionNode = FALSE
	EndGlobalSection
	GlobalSection(ExtensibilityGlobals) = postSolution
		SolutionGuid = {671C207D-F65A-44CD-B5C4-72EA4EAF8BD6}
	EndGlobalSection
EndGlobal
